
Microsoft Visual Studio Solution File, Format Version 12.00
# Visual Studio 15
VisualStudioVersion = 15.0.27703.2047
MinimumVisualStudioVersion = 10.0.40219.1
Project("{FAE04EC0-301F-11D3-BF4B-00C04F79EFBC}") = "Sales.Android", "Sales\Sales.Android\Sales.Android.csproj", "{AE188A3D-4251-4645-A949-2E0A918820D2}"
EndProject
Project("{FAE04EC0-301F-11D3-BF4B-00C04F79EFBC}") = "Sales.iOS", "Sales\Sales.iOS\Sales.iOS.csproj", "{F5E1D3D8-E59C-4EB2-A173-3B64319BDAC5}"
EndProject
Project("{9A19103F-16F7-4668-BE54-9A1E7A4F7556}") = "Sales", "Sales\Sales\Sales.csproj", "{BE67941D-84DD-48C6-92A2-96F318E9621D}"
EndProject
Project("{FAE04EC0-301F-11D3-BF4B-00C04F79EFBC}") = "Sales.Backend", "Sales.Backend\Sales.Backend.csproj", "{84FCBB5E-FB02-4C1D-8256-8BEF48D2BDB0}"
EndProject
Project("{FAE04EC0-301F-11D3-BF4B-00C04F79EFBC}") = "Sales.Api", "Sale.Api\Sales.Api.csproj", "{1F9819A4-0576-47C3-AAFF-BFDBF2AFAC2C}"
EndProject
Project("{FAE04EC0-301F-11D3-BF4B-00C04F79EFBC}") = "Sales.Domain", "Sales.Domain\Sales.Domain.csproj", "{F5A19EB9-3593-4429-9045-D0140EB53D83}"
EndProject
Project("{FAE04EC0-301F-11D3-BF4B-00C04F79EFBC}") = "Sales.Common", "Sales.Common\Sales.Common.csproj", "{A236709E-5BD0-4BB0-B6D4-84183D1BC770}"
EndProject
Global
	GlobalSection(SolutionConfigurationPlatforms) = preSolution
		Ad-Hoc|Any CPU = Ad-Hoc|Any CPU
		Ad-Hoc|iPhone = Ad-Hoc|iPhone
		Ad-Hoc|iPhoneSimulator = Ad-Hoc|iPhoneSimulator
		AppStore|Any CPU = AppStore|Any CPU
		AppStore|iPhone = AppStore|iPhone
		AppStore|iPhoneSimulator = AppStore|iPhoneSimulator
		Debug|Any CPU = Debug|Any CPU
		Debug|iPhone = Debug|iPhone
		Debug|iPhoneSimulator = Debug|iPhoneSimulator
		Release|Any CPU = Release|Any CPU
		Release|iPhone = Release|iPhone
		Release|iPhoneSimulator = Release|iPhoneSimulator
	EndGlobalSection
	GlobalSection(ProjectConfigurationPlatforms) = postSolution
		{AE188A3D-4251-4645-A949-2E0A918820D2}.Ad-Hoc|Any CPU.ActiveCfg = Release|Any CPU
		{AE188A3D-4251-4645-A949-2E0A918820D2}.Ad-Hoc|Any CPU.Build.0 = Release|Any CPU
		{AE188A3D-4251-4645-A949-2E0A918820D2}.Ad-Hoc|Any CPU.Deploy.0 = Release|Any CPU
		{AE188A3D-4251-4645-A949-2E0A918820D2}.Ad-Hoc|iPhone.ActiveCfg = Release|Any CPU
		{AE188A3D-4251-4645-A949-2E0A918820D2}.Ad-Hoc|iPhone.Build.0 = Release|Any CPU
		{AE188A3D-4251-4645-A949-2E0A918820D2}.Ad-Hoc|iPhone.Deploy.0 = Release|Any CPU
		{AE188A3D-4251-4645-A949-2E0A918820D2}.Ad-Hoc|iPhoneSimulator.ActiveCfg = Release|Any CPU
		{AE188A3D-4251-4645-A949-2E0A918820D2}.Ad-Hoc|iPhoneSimulator.Build.0 = Release|Any CPU
		{AE188A3D-4251-4645-A949-2E0A918820D2}.Ad-Hoc|iPhoneSimulator.Deploy.0 = Release|Any CPU
		{AE188A3D-4251-4645-A949-2E0A918820D2}.AppStore|Any CPU.ActiveCfg = Release|Any CPU
		{AE188A3D-4251-4645-A949-2E0A918820D2}.AppStore|Any CPU.Build.0 = Release|Any CPU
		{AE188A3D-4251-4645-A949-2E0A918820D2}.AppStore|Any CPU.Deploy.0 = Release|Any CPU
		{AE188A3D-4251-4645-A949-2E0A918820D2}.AppStore|iPhone.ActiveCfg = Release|Any CPU
		{AE188A3D-4251-4645-A949-2E0A918820D2}.AppStore|iPhone.Build.0 = Release|Any CPU
		{AE188A3D-4251-4645-A949-2E0A918820D2}.AppStore|iPhone.Deploy.0 = Release|Any CPU
		{AE188A3D-4251-4645-A949-2E0A918820D2}.AppStore|iPhoneSimulator.ActiveCfg = Release|Any CPU
		{AE188A3D-4251-4645-A949-2E0A918820D2}.AppStore|iPhoneSimulator.Build.0 = Release|Any CPU
		{AE188A3D-4251-4645-A949-2E0A918820D2}.AppStore|iPhoneSimulator.Deploy.0 = Release|Any CPU
		{AE188A3D-4251-4645-A949-2E0A918820D2}.Debug|Any CPU.ActiveCfg = Debug|Any CPU
		{AE188A3D-4251-4645-A949-2E0A918820D2}.Debug|Any CPU.Build.0 = Debug|Any CPU
		{AE188A3D-4251-4645-A949-2E0A918820D2}.Debug|Any CPU.Deploy.0 = Debug|Any CPU
		{AE188A3D-4251-4645-A949-2E0A918820D2}.Debug|iPhone.ActiveCfg = Debug|Any CPU
		{AE188A3D-4251-4645-A949-2E0A918820D2}.Debug|iPhone.Build.0 = Debug|Any CPU
		{AE188A3D-4251-4645-A949-2E0A918820D2}.Debug|iPhone.Deploy.0 = Debug|Any CPU
		{AE188A3D-4251-4645-A949-2E0A918820D2}.Debug|iPhoneSimulator.ActiveCfg = Debug|Any CPU
		{AE188A3D-4251-4645-A949-2E0A918820D2}.Debug|iPhoneSimulator.Build.0 = Debug|Any CPU
		{AE188A3D-4251-4645-A949-2E0A918820D2}.Debug|iPhoneSimulator.Deploy.0 = Debug|Any CPU
		{AE188A3D-4251-4645-A949-2E0A918820D2}.Release|Any CPU.ActiveCfg = Release|Any CPU
		{AE188A3D-4251-4645-A949-2E0A918820D2}.Release|Any CPU.Build.0 = Release|Any CPU
		{AE188A3D-4251-4645-A949-2E0A918820D2}.Release|Any CPU.Deploy.0 = Release|Any CPU
		{AE188A3D-4251-4645-A949-2E0A918820D2}.Release|iPhone.ActiveCfg = Release|Any CPU
		{AE188A3D-4251-4645-A949-2E0A918820D2}.Release|iPhone.Build.0 = Release|Any CPU
		{AE188A3D-4251-4645-A949-2E0A918820D2}.Release|iPhone.Deploy.0 = Release|Any CPU
		{AE188A3D-4251-4645-A949-2E0A918820D2}.Release|iPhoneSimulator.ActiveCfg = Release|Any CPU
		{AE188A3D-4251-4645-A949-2E0A918820D2}.Release|iPhoneSimulator.Build.0 = Release|Any CPU
		{AE188A3D-4251-4645-A949-2E0A918820D2}.Release|iPhoneSimulator.Deploy.0 = Release|Any CPU
		{F5E1D3D8-E59C-4EB2-A173-3B64319BDAC5}.Ad-Hoc|Any CPU.ActiveCfg = Ad-Hoc|iPhone
		{F5E1D3D8-E59C-4EB2-A173-3B64319BDAC5}.Ad-Hoc|Any CPU.Build.0 = Ad-Hoc|iPhone
		{F5E1D3D8-E59C-4EB2-A173-3B64319BDAC5}.Ad-Hoc|Any CPU.Deploy.0 = Ad-Hoc|iPhone
		{F5E1D3D8-E59C-4EB2-A173-3B64319BDAC5}.Ad-Hoc|iPhone.ActiveCfg = Ad-Hoc|iPhone
		{F5E1D3D8-E59C-4EB2-A173-3B64319BDAC5}.Ad-Hoc|iPhone.Build.0 = Ad-Hoc|iPhone
		{F5E1D3D8-E59C-4EB2-A173-3B64319BDAC5}.Ad-Hoc|iPhone.Deploy.0 = Ad-Hoc|iPhone
		{F5E1D3D8-E59C-4EB2-A173-3B64319BDAC5}.Ad-Hoc|iPhoneSimulator.ActiveCfg = Ad-Hoc|iPhoneSimulator
		{F5E1D3D8-E59C-4EB2-A173-3B64319BDAC5}.Ad-Hoc|iPhoneSimulator.Build.0 = Ad-Hoc|iPhoneSimulator
		{F5E1D3D8-E59C-4EB2-A173-3B64319BDAC5}.Ad-Hoc|iPhoneSimulator.Deploy.0 = Ad-Hoc|iPhoneSimulator
		{F5E1D3D8-E59C-4EB2-A173-3B64319BDAC5}.AppStore|Any CPU.ActiveCfg = AppStore|iPhone
		{F5E1D3D8-E59C-4EB2-A173-3B64319BDAC5}.AppStore|Any CPU.Build.0 = AppStore|iPhone
		{F5E1D3D8-E59C-4EB2-A173-3B64319BDAC5}.AppStore|Any CPU.Deploy.0 = AppStore|iPhone
		{F5E1D3D8-E59C-4EB2-A173-3B64319BDAC5}.AppStore|iPhone.ActiveCfg = AppStore|iPhone
		{F5E1D3D8-E59C-4EB2-A173-3B64319BDAC5}.AppStore|iPhone.Build.0 = AppStore|iPhone
		{F5E1D3D8-E59C-4EB2-A173-3B64319BDAC5}.AppStore|iPhone.Deploy.0 = AppStore|iPhone
		{F5E1D3D8-E59C-4EB2-A173-3B64319BDAC5}.AppStore|iPhoneSimulator.ActiveCfg = AppStore|iPhoneSimulator
		{F5E1D3D8-E59C-4EB2-A173-3B64319BDAC5}.AppStore|iPhoneSimulator.Build.0 = AppStore|iPhoneSimulator
		{F5E1D3D8-E59C-4EB2-A173-3B64319BDAC5}.AppStore|iPhoneSimulator.Deploy.0 = AppStore|iPhoneSimulator
		{F5E1D3D8-E59C-4EB2-A173-3B64319BDAC5}.Debug|Any CPU.ActiveCfg = Debug|iPhoneSimulator
		{F5E1D3D8-E59C-4EB2-A173-3B64319BDAC5}.Debug|Any CPU.Build.0 = Debug|iPhoneSimulator
		{F5E1D3D8-E59C-4EB2-A173-3B64319BDAC5}.Debug|Any CPU.Deploy.0 = Debug|iPhoneSimulator
		{F5E1D3D8-E59C-4EB2-A173-3B64319BDAC5}.Debug|iPhone.ActiveCfg = Debug|iPhone
		{F5E1D3D8-E59C-4EB2-A173-3B64319BDAC5}.Debug|iPhone.Build.0 = Debug|iPhone
		{F5E1D3D8-E59C-4EB2-A173-3B64319BDAC5}.Debug|iPhone.Deploy.0 = Debug|iPhone
		{F5E1D3D8-E59C-4EB2-A173-3B64319BDAC5}.Debug|iPhoneSimulator.ActiveCfg = Debug|iPhoneSimulator
		{F5E1D3D8-E59C-4EB2-A173-3B64319BDAC5}.Debug|iPhoneSimulator.Build.0 = Debug|iPhoneSimulator
		{F5E1D3D8-E59C-4EB2-A173-3B64319BDAC5}.Debug|iPhoneSimulator.Deploy.0 = Debug|iPhoneSimulator
		{F5E1D3D8-E59C-4EB2-A173-3B64319BDAC5}.Release|Any CPU.ActiveCfg = Release|iPhone
		{F5E1D3D8-E59C-4EB2-A173-3B64319BDAC5}.Release|Any CPU.Build.0 = Release|iPhone
		{F5E1D3D8-E59C-4EB2-A173-3B64319BDAC5}.Release|Any CPU.Deploy.0 = Release|iPhone
		{F5E1D3D8-E59C-4EB2-A173-3B64319BDAC5}.Release|iPhone.ActiveCfg = Release|iPhone
		{F5E1D3D8-E59C-4EB2-A173-3B64319BDAC5}.Release|iPhone.Build.0 = Release|iPhone
		{F5E1D3D8-E59C-4EB2-A173-3B64319BDAC5}.Release|iPhone.Deploy.0 = Release|iPhone
		{F5E1D3D8-E59C-4EB2-A173-3B64319BDAC5}.Release|iPhoneSimulator.ActiveCfg = Release|iPhoneSimulator
		{F5E1D3D8-E59C-4EB2-A173-3B64319BDAC5}.Release|iPhoneSimulator.Build.0 = Release|iPhoneSimulator
		{F5E1D3D8-E59C-4EB2-A173-3B64319BDAC5}.Release|iPhoneSimulator.Deploy.0 = Release|iPhoneSimulator
		{BE67941D-84DD-48C6-92A2-96F318E9621D}.Ad-Hoc|Any CPU.ActiveCfg = Debug|Any CPU
		{BE67941D-84DD-48C6-92A2-96F318E9621D}.Ad-Hoc|Any CPU.Build.0 = Debug|Any CPU
		{BE67941D-84DD-48C6-92A2-96F318E9621D}.Ad-Hoc|Any CPU.Deploy.0 = Debug|Any CPU
		{BE67941D-84DD-48C6-92A2-96F318E9621D}.Ad-Hoc|iPhone.ActiveCfg = Debug|Any CPU
		{BE67941D-84DD-48C6-92A2-96F318E9621D}.Ad-Hoc|iPhone.Build.0 = Debug|Any CPU
		{BE67941D-84DD-48C6-92A2-96F318E9621D}.Ad-Hoc|iPhone.Deploy.0 = Debug|Any CPU
		{BE67941D-84DD-48C6-92A2-96F318E9621D}.Ad-Hoc|iPhoneSimulator.ActiveCfg = Debug|Any CPU
		{BE67941D-84DD-48C6-92A2-96F318E9621D}.Ad-Hoc|iPhoneSimulator.Build.0 = Debug|Any CPU
		{BE67941D-84DD-48C6-92A2-96F318E9621D}.Ad-Hoc|iPhoneSimulator.Deploy.0 = Debug|Any CPU
		{BE67941D-84DD-48C6-92A2-96F318E9621D}.AppStore|Any CPU.ActiveCfg = Debug|Any CPU
		{BE67941D-84DD-48C6-92A2-96F318E9621D}.AppStore|Any CPU.Build.0 = Debug|Any CPU
		{BE67941D-84DD-48C6-92A2-96F318E9621D}.AppStore|Any CPU.Deploy.0 = Debug|Any CPU
		{BE67941D-84DD-48C6-92A2-96F318E9621D}.AppStore|iPhone.ActiveCfg = Debug|Any CPU
		{BE67941D-84DD-48C6-92A2-96F318E9621D}.AppStore|iPhone.Build.0 = Debug|Any CPU
		{BE67941D-84DD-48C6-92A2-96F318E9621D}.AppStore|iPhone.Deploy.0 = Debug|Any CPU
		{BE67941D-84DD-48C6-92A2-96F318E9621D}.AppStore|iPhoneSimulator.ActiveCfg = Debug|Any CPU
		{BE67941D-84DD-48C6-92A2-96F318E9621D}.AppStore|iPhoneSimulator.Build.0 = Debug|Any CPU
		{BE67941D-84DD-48C6-92A2-96F318E9621D}.AppStore|iPhoneSimulator.Deploy.0 = Debug|Any CPU
		{BE67941D-84DD-48C6-92A2-96F318E9621D}.Debug|Any CPU.ActiveCfg = Debug|Any CPU
		{BE67941D-84DD-48C6-92A2-96F318E9621D}.Debug|Any CPU.Build.0 = Debug|Any CPU
		{BE67941D-84DD-48C6-92A2-96F318E9621D}.Debug|Any CPU.Deploy.0 = Debug|Any CPU
		{BE67941D-84DD-48C6-92A2-96F318E9621D}.Debug|iPhone.ActiveCfg = Debug|Any CPU
		{BE67941D-84DD-48C6-92A2-96F318E9621D}.Debug|iPhone.Build.0 = Debug|Any CPU
		{BE67941D-84DD-48C6-92A2-96F318E9621D}.Debug|iPhone.Deploy.0 = Debug|Any CPU
		{BE67941D-84DD-48C6-92A2-96F318E9621D}.Debug|iPhoneSimulator.ActiveCfg = Debug|Any CPU
		{BE67941D-84DD-48C6-92A2-96F318E9621D}.Debug|iPhoneSimulator.Build.0 = Debug|Any CPU
		{BE67941D-84DD-48C6-92A2-96F318E9621D}.Debug|iPhoneSimulator.Deploy.0 = Debug|Any CPU
		{BE67941D-84DD-48C6-92A2-96F318E9621D}.Release|Any CPU.ActiveCfg = Release|Any CPU
		{BE67941D-84DD-48C6-92A2-96F318E9621D}.Release|Any CPU.Build.0 = Release|Any CPU
		{BE67941D-84DD-48C6-92A2-96F318E9621D}.Release|Any CPU.Deploy.0 = Release|Any CPU
		{BE67941D-84DD-48C6-92A2-96F318E9621D}.Release|iPhone.ActiveCfg = Release|Any CPU
		{BE67941D-84DD-48C6-92A2-96F318E9621D}.Release|iPhone.Build.0 = Release|Any CPU
		{BE67941D-84DD-48C6-92A2-96F318E9621D}.Release|iPhone.Deploy.0 = Release|Any CPU
		{BE67941D-84DD-48C6-92A2-96F318E9621D}.Release|iPhoneSimulator.ActiveCfg = Release|Any CPU
		{BE67941D-84DD-48C6-92A2-96F318E9621D}.Release|iPhoneSimulator.Build.0 = Release|Any CPU
		{BE67941D-84DD-48C6-92A2-96F318E9621D}.Release|iPhoneSimulator.Deploy.0 = Release|Any CPU
		{84FCBB5E-FB02-4C1D-8256-8BEF48D2BDB0}.Ad-Hoc|Any CPU.ActiveCfg = Release|Any CPU
		{84FCBB5E-FB02-4C1D-8256-8BEF48D2BDB0}.Ad-Hoc|Any CPU.Build.0 = Release|Any CPU
		{84FCBB5E-FB02-4C1D-8256-8BEF48D2BDB0}.Ad-Hoc|iPhone.ActiveCfg = Release|Any CPU
		{84FCBB5E-FB02-4C1D-8256-8BEF48D2BDB0}.Ad-Hoc|iPhone.Build.0 = Release|Any CPU
		{84FCBB5E-FB02-4C1D-8256-8BEF48D2BDB0}.Ad-Hoc|iPhoneSimulator.ActiveCfg = Release|Any CPU
		{84FCBB5E-FB02-4C1D-8256-8BEF48D2BDB0}.Ad-Hoc|iPhoneSimulator.Build.0 = Release|Any CPU
		{84FCBB5E-FB02-4C1D-8256-8BEF48D2BDB0}.AppStore|Any CPU.ActiveCfg = Release|Any CPU
		{84FCBB5E-FB02-4C1D-8256-8BEF48D2BDB0}.AppStore|Any CPU.Build.0 = Release|Any CPU
		{84FCBB5E-FB02-4C1D-8256-8BEF48D2BDB0}.AppStore|iPhone.ActiveCfg = Release|Any CPU
		{84FCBB5E-FB02-4C1D-8256-8BEF48D2BDB0}.AppStore|iPhone.Build.0 = Release|Any CPU
		{84FCBB5E-FB02-4C1D-8256-8BEF48D2BDB0}.AppStore|iPhoneSimulator.ActiveCfg = Release|Any CPU
		{84FCBB5E-FB02-4C1D-8256-8BEF48D2BDB0}.AppStore|iPhoneSimulator.Build.0 = Release|Any CPU
		{84FCBB5E-FB02-4C1D-8256-8BEF48D2BDB0}.Debug|Any CPU.ActiveCfg = Debug|Any CPU
		{84FCBB5E-FB02-4C1D-8256-8BEF48D2BDB0}.Debug|Any CPU.Build.0 = Debug|Any CPU
		{84FCBB5E-FB02-4C1D-8256-8BEF48D2BDB0}.Debug|iPhone.ActiveCfg = Debug|Any CPU
		{84FCBB5E-FB02-4C1D-8256-8BEF48D2BDB0}.Debug|iPhone.Build.0 = Debug|Any CPU
		{84FCBB5E-FB02-4C1D-8256-8BEF48D2BDB0}.Debug|iPhoneSimulator.ActiveCfg = Debug|Any CPU
		{84FCBB5E-FB02-4C1D-8256-8BEF48D2BDB0}.Debug|iPhoneSimulator.Build.0 = Debug|Any CPU
		{84FCBB5E-FB02-4C1D-8256-8BEF48D2BDB0}.Release|Any CPU.ActiveCfg = Release|Any CPU
		{84FCBB5E-FB02-4C1D-8256-8BEF48D2BDB0}.Release|Any CPU.Build.0 = Release|Any CPU
		{84FCBB5E-FB02-4C1D-8256-8BEF48D2BDB0}.Release|iPhone.ActiveCfg = Release|Any CPU
		{84FCBB5E-FB02-4C1D-8256-8BEF48D2BDB0}.Release|iPhone.Build.0 = Release|Any CPU
		{84FCBB5E-FB02-4C1D-8256-8BEF48D2BDB0}.Release|iPhoneSimulator.ActiveCfg = Release|Any CPU
		{84FCBB5E-FB02-4C1D-8256-8BEF48D2BDB0}.Release|iPhoneSimulator.Build.0 = Release|Any CPU
		{1F9819A4-0576-47C3-AAFF-BFDBF2AFAC2C}.Ad-Hoc|Any CPU.ActiveCfg = Release|Any CPU
		{1F9819A4-0576-47C3-AAFF-BFDBF2AFAC2C}.Ad-Hoc|Any CPU.Build.0 = Release|Any CPU
		{1F9819A4-0576-47C3-AAFF-BFDBF2AFAC2C}.Ad-Hoc|iPhone.ActiveCfg = Release|Any CPU
		{1F9819A4-0576-47C3-AAFF-BFDBF2AFAC2C}.Ad-Hoc|iPhone.Build.0 = Release|Any CPU
		{1F9819A4-0576-47C3-AAFF-BFDBF2AFAC2C}.Ad-Hoc|iPhoneSimulator.ActiveCfg = Release|Any CPU
		{1F9819A4-0576-47C3-AAFF-BFDBF2AFAC2C}.Ad-Hoc|iPhoneSimulator.Build.0 = Release|Any CPU
		{1F9819A4-0576-47C3-AAFF-BFDBF2AFAC2C}.AppStore|Any CPU.ActiveCfg = Release|Any CPU
		{1F9819A4-0576-47C3-AAFF-BFDBF2AFAC2C}.AppStore|Any CPU.Build.0 = Release|Any CPU
		{1F9819A4-0576-47C3-AAFF-BFDBF2AFAC2C}.AppStore|iPhone.ActiveCfg = Release|Any CPU
		{1F9819A4-0576-47C3-AAFF-BFDBF2AFAC2C}.AppStore|iPhone.Build.0 = Release|Any CPU
		{1F9819A4-0576-47C3-AAFF-BFDBF2AFAC2C}.AppStore|iPhoneSimulator.ActiveCfg = Release|Any CPU
		{1F9819A4-0576-47C3-AAFF-BFDBF2AFAC2C}.AppStore|iPhoneSimulator.Build.0 = Release|Any CPU
		{1F9819A4-0576-47C3-AAFF-BFDBF2AFAC2C}.Debug|Any CPU.ActiveCfg = Debug|Any CPU
		{1F9819A4-0576-47C3-AAFF-BFDBF2AFAC2C}.Debug|Any CPU.Build.0 = Debug|Any CPU
		{1F9819A4-0576-47C3-AAFF-BFDBF2AFAC2C}.Debug|iPhone.ActiveCfg = Debug|Any CPU
		{1F9819A4-0576-47C3-AAFF-BFDBF2AFAC2C}.Debug|iPhone.Build.0 = Debug|Any CPU
		{1F9819A4-0576-47C3-AAFF-BFDBF2AFAC2C}.Debug|iPhoneSimulator.ActiveCfg = Debug|Any CPU
		{1F9819A4-0576-47C3-AAFF-BFDBF2AFAC2C}.Debug|iPhoneSimulator.Build.0 = Debug|Any CPU
		{1F9819A4-0576-47C3-AAFF-BFDBF2AFAC2C}.Release|Any CPU.ActiveCfg = Release|Any CPU
		{1F9819A4-0576-47C3-AAFF-BFDBF2AFAC2C}.Release|Any CPU.Build.0 = Release|Any CPU
		{1F9819A4-0576-47C3-AAFF-BFDBF2AFAC2C}.Release|iPhone.ActiveCfg = Release|Any CPU
		{1F9819A4-0576-47C3-AAFF-BFDBF2AFAC2C}.Release|iPhone.Build.0 = Release|Any CPU
		{1F9819A4-0576-47C3-AAFF-BFDBF2AFAC2C}.Release|iPhoneSimulator.ActiveCfg = Release|Any CPU
		{1F9819A4-0576-47C3-AAFF-BFDBF2AFAC2C}.Release|iPhoneSimulator.Build.0 = Release|Any CPU
		{F5A19EB9-3593-4429-9045-D0140EB53D83}.Ad-Hoc|Any CPU.ActiveCfg = Release|Any CPU
		{F5A19EB9-3593-4429-9045-D0140EB53D83}.Ad-Hoc|Any CPU.Build.0 = Release|Any CPU
		{F5A19EB9-3593-4429-9045-D0140EB53D83}.Ad-Hoc|iPhone.ActiveCfg = Release|Any CPU
		{F5A19EB9-3593-4429-9045-D0140EB53D83}.Ad-Hoc|iPhone.Build.0 = Release|Any CPU
		{F5A19EB9-3593-4429-9045-D0140EB53D83}.Ad-Hoc|iPhoneSimulator.ActiveCfg = Release|Any CPU
		{F5A19EB9-3593-4429-9045-D0140EB53D83}.Ad-Hoc|iPhoneSimulator.Build.0 = Release|Any CPU
		{F5A19EB9-3593-4429-9045-D0140EB53D83}.AppStore|Any CPU.ActiveCfg = Release|Any CPU
		{F5A19EB9-3593-4429-9045-D0140EB53D83}.AppStore|Any CPU.Build.0 = Release|Any CPU
		{F5A19EB9-3593-4429-9045-D0140EB53D83}.AppStore|iPhone.ActiveCfg = Release|Any CPU
		{F5A19EB9-3593-4429-9045-D0140EB53D83}.AppStore|iPhone.Build.0 = Release|Any CPU
		{F5A19EB9-3593-4429-9045-D0140EB53D83}.AppStore|iPhoneSimulator.ActiveCfg = Release|Any CPU
		{F5A19EB9-3593-4429-9045-D0140EB53D83}.AppStore|iPhoneSimulator.Build.0 = Release|Any CPU
		{F5A19EB9-3593-4429-9045-D0140EB53D83}.Debug|Any CPU.ActiveCfg = Debug|Any CPU
		{F5A19EB9-3593-4429-9045-D0140EB53D83}.Debug|Any CPU.Build.0 = Debug|Any CPU
		{F5A19EB9-3593-4429-9045-D0140EB53D83}.Debug|iPhone.ActiveCfg = Debug|Any CPU
		{F5A19EB9-3593-4429-9045-D0140EB53D83}.Debug|iPhone.Build.0 = Debug|Any CPU
		{F5A19EB9-3593-4429-9045-D0140EB53D83}.Debug|iPhoneSimulator.ActiveCfg = Debug|Any CPU
		{F5A19EB9-3593-4429-9045-D0140EB53D83}.Debug|iPhoneSimulator.Build.0 = Debug|Any CPU
		{F5A19EB9-3593-4429-9045-D0140EB53D83}.Release|Any CPU.ActiveCfg = Release|Any CPU
		{F5A19EB9-3593-4429-9045-D0140EB53D83}.Release|Any CPU.Build.0 = Release|Any CPU
		{F5A19EB9-3593-4429-9045-D0140EB53D83}.Release|iPhone.ActiveCfg = Release|Any CPU
		{F5A19EB9-3593-4429-9045-D0140EB53D83}.Release|iPhone.Build.0 = Release|Any CPU
		{F5A19EB9-3593-4429-9045-D0140EB53D83}.Release|iPhoneSimulator.ActiveCfg = Release|Any CPU
		{F5A19EB9-3593-4429-9045-D0140EB53D83}.Release|iPhoneSimulator.Build.0 = Release|Any CPU
		{A236709E-5BD0-4BB0-B6D4-84183D1BC770}.Ad-Hoc|Any CPU.ActiveCfg = Release|Any CPU
		{A236709E-5BD0-4BB0-B6D4-84183D1BC770}.Ad-Hoc|Any CPU.Build.0 = Release|Any CPU
		{A236709E-5BD0-4BB0-B6D4-84183D1BC770}.Ad-Hoc|iPhone.ActiveCfg = Release|Any CPU
		{A236709E-5BD0-4BB0-B6D4-84183D1BC770}.Ad-Hoc|iPhone.Build.0 = Release|Any CPU
		{A236709E-5BD0-4BB0-B6D4-84183D1BC770}.Ad-Hoc|iPhoneSimulator.ActiveCfg = Release|Any CPU
		{A236709E-5BD0-4BB0-B6D4-84183D1BC770}.Ad-Hoc|iPhoneSimulator.Build.0 = Release|Any CPU
		{A236709E-5BD0-4BB0-B6D4-84183D1BC770}.AppStore|Any CPU.ActiveCfg = Release|Any CPU
		{A236709E-5BD0-4BB0-B6D4-84183D1BC770}.AppStore|Any CPU.Build.0 = Release|Any CPU
		{A236709E-5BD0-4BB0-B6D4-84183D1BC770}.AppStore|iPhone.ActiveCfg = Release|Any CPU
		{A236709E-5BD0-4BB0-B6D4-84183D1BC770}.AppStore|iPhone.Build.0 = Release|Any CPU
		{A236709E-5BD0-4BB0-B6D4-84183D1BC770}.AppStore|iPhoneSimulator.ActiveCfg = Release|Any CPU
		{A236709E-5BD0-4BB0-B6D4-84183D1BC770}.AppStore|iPhoneSimulator.Build.0 = Release|Any CPU
		{A236709E-5BD0-4BB0-B6D4-84183D1BC770}.Debug|Any CPU.ActiveCfg = Debug|Any CPU
		{A236709E-5BD0-4BB0-B6D4-84183D1BC770}.Debug|Any CPU.Build.0 = Debug|Any CPU
		{A236709E-5BD0-4BB0-B6D4-84183D1BC770}.Debug|iPhone.ActiveCfg = Debug|Any CPU
		{A236709E-5BD0-4BB0-B6D4-84183D1BC770}.Debug|iPhone.Build.0 = Debug|Any CPU
		{A236709E-5BD0-4BB0-B6D4-84183D1BC770}.Debug|iPhoneSimulator.ActiveCfg = Debug|Any CPU
		{A236709E-5BD0-4BB0-B6D4-84183D1BC770}.Debug|iPhoneSimulator.Build.0 = Debug|Any CPU
		{A236709E-5BD0-4BB0-B6D4-84183D1BC770}.Release|Any CPU.ActiveCfg = Release|Any CPU
		{A236709E-5BD0-4BB0-B6D4-84183D1BC770}.Release|Any CPU.Build.0 = Release|Any CPU
		{A236709E-5BD0-4BB0-B6D4-84183D1BC770}.Release|iPhone.ActiveCfg = Release|Any CPU
		{A236709E-5BD0-4BB0-B6D4-84183D1BC770}.Release|iPhone.Build.0 = Release|Any CPU
		{A236709E-5BD0-4BB0-B6D4-84183D1BC770}.Release|iPhoneSimulator.ActiveCfg = Release|Any CPU
		{A236709E-5BD0-4BB0-B6D4-84183D1BC770}.Release|iPhoneSimulator.Build.0 = Release|Any CPU
	EndGlobalSection
	GlobalSection(SolutionProperties) = preSolution
		HideSolutionNode = FALSE
	EndGlobalSection
	GlobalSection(ExtensibilityGlobals) = postSolution
		SolutionGuid = {3F830D2C-4FF9-4D35-BF99-0AB4368D8D9F}
	EndGlobalSection
EndGlobal
